
Microsoft Visual Studio Solution File, Format Version 12.00
# Visual Studio Version 17
VisualStudioVersion = 17.14.36221.1 d17.14
MinimumVisualStudioVersion = 10.0.40219.1
Project("{FAE04EC0-301F-11D3-BF4B-00C04F79EFBC}") = "QLBH.Web", "QLBH.Web\QLBH.Web.csproj", "{5C3BF911-3434-4489-A997-3886346BBC56}"
EndProject
Global
	GlobalSection(SolutionConfigurationPlatforms) = preSolution
		Debug|Any CPU = Debug|Any CPU
		Release|Any CPU = Release|Any CPU
	EndGlobalSection
	GlobalSection(ProjectConfigurationPlatforms) = postSolution
		{5C3BF911-3434-4489-A997-3886346BBC56}.Debug|Any CPU.ActiveCfg = Debug|Any CPU
		{5C3BF911-3434-4489-A997-3886346BBC56}.Debug|Any CPU.Build.0 = Debug|Any CPU
		{5C3BF911-3434-4489-A997-3886346BBC56}.Release|Any CPU.ActiveCfg = Release|Any CPU
		{5C3BF911-3434-4489-A997-3886346BBC56}.Release|Any CPU.Build.0 = Release|Any CPU
	EndGlobalSection
	GlobalSection(SolutionProperties) = preSolution
		HideSolutionNode = FALSE
	EndGlobalSection
	GlobalSection(ExtensibilityGlobals) = postSolution
		SolutionGuid = {C379C65C-0115-4E48-B9D7-E637E822CC69}
	EndGlobalSection
EndGlobal
